
Microsoft Visual Studio Solution File, Format Version 12.00
# Visual Studio Version 16
VisualStudioVersion = 16.0.28803.352
MinimumVisualStudioVersion = 10.0.40219.1
Project("{8BC9CEB8-8B4A-11D0-8D11-00A0C91BC942}") = "SS", "SS\SS.vcxproj", "{D5212020-08F6-4273-B4CF-6BEA971F6038}"
EndProject
Global
	GlobalSection(SolutionConfigurationPlatforms) = preSolution
		Debug|x64 = Debug|x64
		Debug|x86 = Debug|x86
		Release|x64 = Release|x64
		Release|x86 = Release|x86
	EndGlobalSection
	GlobalSection(ProjectConfigurationPlatforms) = postSolution
		{D5212020-08F6-4273-B4CF-6BEA971F6038}.Debug|x64.ActiveCfg = Debug|x64
		{D5212020-08F6-4273-B4CF-6BEA971F6038}.Debug|x64.Build.0 = Debug|x64
		{D5212020-08F6-4273-B4CF-6BEA971F6038}.Debug|x86.ActiveCfg = Debug|Win32
		{D5212020-08F6-4273-B4CF-6BEA971F6038}.Debug|x86.Build.0 = Debug|Win32
		{D5212020-08F6-4273-B4CF-6BEA971F6038}.Release|x64.ActiveCfg = Release|x64
		{D5212020-08F6-4273-B4CF-6BEA971F6038}.Release|x64.Build.0 = Release|x64
		{D5212020-08F6-4273-B4CF-6BEA971F6038}.Release|x86.ActiveCfg = Release|Win32
		{D5212020-08F6-4273-B4CF-6BEA971F6038}.Release|x86.Build.0 = Release|Win32
	EndGlobalSection
	GlobalSection(SolutionProperties) = preSolution
		HideSolutionNode = FALSE
	EndGlobalSection
	GlobalSection(ExtensibilityGlobals) = postSolution
		SolutionGuid = {6A6B6EFA-FB8B-449F-B9D4-471F271FE710}
	EndGlobalSection
EndGlobal
